
Microsoft Visual Studio Solution File, Format Version 12.00
# Visual Studio 2012
Project("{FAE04EC0-301F-11D3-BF4B-00C04F79EFBC}") = "MvcShoppingCar", "MvcShoppingCar\MvcShoppingCar.csproj", "{B14E626E-ED0E-4511-BE6A-10CA79257B01}"
EndProject
Global
	GlobalSection(SolutionConfigurationPlatforms) = preSolution
		Debug|Any CPU = Debug|Any CPU
		Release|Any CPU = Release|Any CPU
	EndGlobalSection
	GlobalSection(ProjectConfigurationPlatforms) = postSolution
		{B14E626E-ED0E-4511-BE6A-10CA79257B01}.Debug|Any CPU.ActiveCfg = Debug|Any CPU
		{B14E626E-ED0E-4511-BE6A-10CA79257B01}.Debug|Any CPU.Build.0 = Debug|Any CPU
		{B14E626E-ED0E-4511-BE6A-10CA79257B01}.Release|Any CPU.ActiveCfg = Release|Any CPU
		{B14E626E-ED0E-4511-BE6A-10CA79257B01}.Release|Any CPU.Build.0 = Release|Any CPU
	EndGlobalSection
	GlobalSection(SolutionProperties) = preSolution
		HideSolutionNode = FALSE
	EndGlobalSection
EndGlobal
